
Microsoft Visual Studio Solution File, Format Version 12.00
# Visual Studio Version 17
VisualStudioVersion = 17.4.33122.133
MinimumVisualStudioVersion = 10.0.40219.1
Project("{FAE04EC0-301F-11D3-BF4B-00C04F79EFBC}") = "LibraryApp", "LibraryApp.csproj", "{8C5BF721-341E-4104-9F2F-924789923325}"
EndProject
Global
	GlobalSection(SolutionConfigurationPlatforms) = preSolution
		Debug|Any CPU = Debug|Any CPU
		Release|Any CPU = Release|Any CPU
	EndGlobalSection
	GlobalSection(ProjectConfigurationPlatforms) = postSolution
		{8C5BF721-341E-4104-9F2F-924789923325}.Debug|Any CPU.ActiveCfg = Debug|Any CPU
		{8C5BF721-341E-4104-9F2F-924789923325}.Debug|Any CPU.Build.0 = Debug|Any CPU
		{8C5BF721-341E-4104-9F2F-924789923325}.Release|Any CPU.ActiveCfg = Release|Any CPU
		{8C5BF721-341E-4104-9F2F-924789923325}.Release|Any CPU.Build.0 = Release|Any CPU
	EndGlobalSection
	GlobalSection(SolutionProperties) = preSolution
		HideSolutionNode = FALSE
	EndGlobalSection
	GlobalSection(ExtensibilityGlobals) = postSolution
		SolutionGuid = {041A049D-3A5C-427E-B830-B713C510A58A}
	EndGlobalSection
EndGlobal
